
Microsoft Visual Studio Solution File, Format Version 12.00
# Visual Studio Version 16
VisualStudioVersion = 16.0.29409.12
MinimumVisualStudioVersion = 10.0.40219.1
Project("{8BC9CEB8-8B4A-11D0-8D11-00A0C91BC942}") = "HW", "HW\HW.vcxproj", "{FDB1DE78-1230-48D0-82B8-C5DDCDFCFF14}"
EndProject
Global
	GlobalSection(SolutionConfigurationPlatforms) = preSolution
		Debug|x64 = Debug|x64
		Debug|x86 = Debug|x86
		Release|x64 = Release|x64
		Release|x86 = Release|x86
	EndGlobalSection
	GlobalSection(ProjectConfigurationPlatforms) = postSolution
		{FDB1DE78-1230-48D0-82B8-C5DDCDFCFF14}.Debug|x64.ActiveCfg = Debug|x64
		{FDB1DE78-1230-48D0-82B8-C5DDCDFCFF14}.Debug|x64.Build.0 = Debug|x64
		{FDB1DE78-1230-48D0-82B8-C5DDCDFCFF14}.Debug|x86.ActiveCfg = Debug|Win32
		{FDB1DE78-1230-48D0-82B8-C5DDCDFCFF14}.Debug|x86.Build.0 = Debug|Win32
		{FDB1DE78-1230-48D0-82B8-C5DDCDFCFF14}.Release|x64.ActiveCfg = Release|x64
		{FDB1DE78-1230-48D0-82B8-C5DDCDFCFF14}.Release|x64.Build.0 = Release|x64
		{FDB1DE78-1230-48D0-82B8-C5DDCDFCFF14}.Release|x86.ActiveCfg = Release|Win32
		{FDB1DE78-1230-48D0-82B8-C5DDCDFCFF14}.Release|x86.Build.0 = Release|Win32
	EndGlobalSection
	GlobalSection(SolutionProperties) = preSolution
		HideSolutionNode = FALSE
	EndGlobalSection
	GlobalSection(ExtensibilityGlobals) = postSolution
		SolutionGuid = {EFEB422B-4618-4FCE-BA9F-A4ECFB6E9504}
	EndGlobalSection
EndGlobal
